Microsoft Visual Studio Solution File, Format Version 12.00
# Visual Studio Version 17
VisualStudioVersion = 17.0.31903.59
MinimumVisualStudioVersion = 10.0.40219.1
Project("{00D1A9C2-B5F0-4AF3-8072-F6C62B433612}") = "MusicDB", "MusicDB.sqlproj", "{ccbc38d1-9149-467c-8282-81c3b2808031}"
EndProject
Global
    GlobalSection(SolutionConfigurationPlatforms) = preSolution
        Debug|Any CPU = Debug|Any CPU
        Release|Any CPU = Release|Any CPU
    EndGlobalSection
    GlobalSection(ProjectConfigurationPlatforms) = postSolution
        {ccbc38d1-9149-467c-8282-81c3b2808031}.Debug|Any CPU.ActiveCfg = Debug|Any CPU
        {ccbc38d1-9149-467c-8282-81c3b2808031}.Debug|Any CPU.Build.0 = Debug|Any CPU
        {ccbc38d1-9149-467c-8282-81c3b2808031}.Release|Any CPU.ActiveCfg = Release|Any CPU
        {ccbc38d1-9149-467c-8282-81c3b2808031}.Release|Any CPU.Build.0 = Release|Any CPU
    EndGlobalSection
EndGlobal