Microsoft Visual Studio Solution File, Format Version 12.00
# Visual Studio Version 18
VisualStudioVersion = 18.0.11222.15 d18.0
MinimumVisualStudioVersion = 10.0.40219.1
Project("{00D1A9C2-B5F0-4AF3-8072-F6C62B433612}") = "MusicDB", "MusicDB\MusicDB.sqlproj", "{CCBC38D1-9149-467C-8282-81C3B2808031}"
EndProject
Global
	GlobalSection(SolutionConfigurationPlatforms) = preSolution
		Debug|Any CPU = Debug|Any CPU
		Release|Any CPU = Release|Any CPU
	EndGlobalSection
	GlobalSection(ProjectConfigurationPlatforms) = postSolution
		{CCBC38D1-9149-467C-8282-81C3B2808031}.Debug|Any CPU.ActiveCfg = Debug|Any CPU
		{CCBC38D1-9149-467C-8282-81C3B2808031}.Debug|Any CPU.Build.0 = Debug|Any CPU
		{CCBC38D1-9149-467C-8282-81C3B2808031}.Debug|Any CPU.Deploy.0 = Debug|Any CPU
		{CCBC38D1-9149-467C-8282-81C3B2808031}.Release|Any CPU.ActiveCfg = Release|Any CPU
		{CCBC38D1-9149-467C-8282-81C3B2808031}.Release|Any CPU.Build.0 = Release|Any CPU
		{CCBC38D1-9149-467C-8282-81C3B2808031}.Release|Any CPU.Deploy.0 = Release|Any CPU
	EndGlobalSection
	GlobalSection(SolutionProperties) = preSolution
		HideSolutionNode = FALSE
	EndGlobalSection
	GlobalSection(ExtensibilityGlobals) = postSolution
		SolutionGuid = {77A41303-7793-4010-A91F-33E58E51965F}
	EndGlobalSection
EndGlobal
